<?xml version="1.0" encoding="utf-8"?>
<Project ToolsVersion="4.0" xmlns="http://schemas.microsoft.com/developer/msbuild/2003">
  <ItemGroup>
    <Filter Include="Source Files">
      <UniqueIdentifier>{4FC737F1-C7A5-4376-A066-2A32D752A2FF}</UniqueIdentifier>
      <Extensions>qml;cpp;c;cc;cxx;def;odl;idl;hpj;bat;asm;asmx</Extensions>
    </Filter>
    <Filter Include="Header Files">
      <UniqueIdentifier>{93995380-89BD-4b04-88EB-625FBE52EBFB}</UniqueIdentifier>
      <Extensions>h;hh;hpp;hxx;hm;inl;inc;xsd</Extensions>
    </Filter>
    <Filter Include="Resource Files">
      <UniqueIdentifier>{67DA6AB6-F800-4c08-8B7A-83BB121AAD01}</UniqueIdentifier>
      <Extensions>qrc;rc;ico;cur;bmp;dlg;rc2;rct;bin;rgs;gif;jpg;jpeg;jpe;resx;tiff;tif;png;wav;mfcribbon-ms</Extensions>
    </Filter>
    <Filter Include="Form Files">
      <UniqueIdentifier>{99349809-55BA-4b9d-BF79-8FDBB0286EB3}</UniqueIdentifier>
      <Extensions>ui</Extensions>
    </Filter>
    <Filter Include="Translation Files">
      <UniqueIdentifier>{639EADAA-A684-42e4-A9AD-28FC9BCB8F7C}</UniqueIdentifier>
      <Extensions>ts</Extensions>
    </Filter>
    <Filter Include="Tool">
      <UniqueIdentifier>{6765e512-549f-4de1-a56e-5efa12f3a827}</UniqueIdentifier>
    </Filter>
    <Filter Include="Tool\List_Delegaye">
      <UniqueIdentifier>{053f4d2f-7f69-4c19-9c4a-1d1887e1e23e}</UniqueIdentifier>
    </Filter>
    <Filter Include="Tool\ComboBox">
      <UniqueIdentifier>{fb96adcb-f796-45c6-9618-21949e032bc2}</UniqueIdentifier>
    </Filter>
  </ItemGroup>
  <ItemGroup>
    <QtRcc Include="datashowwidget.qrc">
      <Filter>Resource Files</Filter>
    </QtRcc>
    <QtUic Include="datashowwidget.ui">
      <Filter>Form Files</Filter>
    </QtUic>
    <QtMoc Include="datashowwidget.h">
      <Filter>Header Files</Filter>
    </QtMoc>
    <ClCompile Include="datashowwidget.cpp">
      <Filter>Source Files</Filter>
    </ClCompile>
  </ItemGroup>
  <ItemGroup>
    <ClCompile Include="main.cpp">
      <Filter>Source Files</Filter>
    </ClCompile>
    <ClCompile Include="adddatawidget.cpp">
      <Filter>Source Files</Filter>
    </ClCompile>
    <ClCompile Include="ev_hbwidget.cpp">
      <Filter>Source Files</Filter>
    </ClCompile>
    <ClCompile Include="messagewidget.cpp">
      <Filter>Source Files</Filter>
    </ClCompile>
    <ClCompile Include="tabwidget.cpp">
      <Filter>Source Files</Filter>
    </ClCompile>
    <ClCompile Include="MyListViewItemDelegate.cpp">
      <Filter>Tool\List_Delegaye</Filter>
    </ClCompile>
    <ClCompile Include="mycombobox.cpp">
      <Filter>Tool\ComboBox</Filter>
    </ClCompile>
  </ItemGroup>
  <ItemGroup>
    <QtMoc Include="adddatawidget.h">
      <Filter>Header Files</Filter>
    </QtMoc>
    <QtMoc Include="ev_hbwidget.h">
      <Filter>Header Files</Filter>
    </QtMoc>
    <QtMoc Include="messagewidget.h">
      <Filter>Header Files</Filter>
    </QtMoc>
    <QtMoc Include="tabwidget.h">
      <Filter>Header Files</Filter>
    </QtMoc>
    <QtMoc Include="MyListViewItemDelegate.h">
      <Filter>Tool\List_Delegaye</Filter>
    </QtMoc>
    <QtMoc Include="mycombobox.h">
      <Filter>Tool\ComboBox</Filter>
    </QtMoc>
  </ItemGroup>
  <ItemGroup>
    <ClInclude Include="DataStruct.h">
      <Filter>Header Files</Filter>
    </ClInclude>
  </ItemGroup>
</Project>